
Microsoft Visual Studio Solution File, Format Version 12.00
# Visual Studio Version 17
VisualStudioVersion = 17.0.31903.59
MinimumVisualStudioVersion = 10.0.40219.1
Project("{2150E333-8FDC-42A3-9474-1A3956D46DE8}") = "src", "src", "{0F7CF33F-28FA-491D-9C3F-C6DC661B2AEB}"
EndProject
Project("{2150E333-8FDC-42A3-9474-1A3956D46DE8}") = "Modules", "Modules", "{DD538CF5-0C6C-4E79-ABEF-01382709B0A4}"
EndProject
Project("{2150E333-8FDC-42A3-9474-1A3956D46DE8}") = "Catalog", "Catalog", "{CB1D1C26-B584-43D3-9F11-483B4B94074F}"
EndProject
Project("{FAE04EC0-301F-11D3-BF4B-00C04F79EFBC}") = "Catalog.Domain", "src\Modules\Catalog\Catalog.Domain\Catalog.Domain.csproj", "{5E1BFB0E-C5E6-4218-8028-EDB2BF7AA2E4}"
EndProject
Project("{FAE04EC0-301F-11D3-BF4B-00C04F79EFBC}") = "Catalog.Application", "src\Modules\Catalog\Catalog.Application\Catalog.Application.csproj", "{0984415F-2FFD-4C06-ACD6-3AD706BD5ACE}"
EndProject
Project("{FAE04EC0-301F-11D3-BF4B-00C04F79EFBC}") = "Catalog.Infrastructure", "src\Modules\Catalog\Catalog.Infrastructure\Catalog.Infrastructure.csproj", "{0D3ACE94-0C44-473A-9D1C-ACDB50E62380}"
EndProject
Project("{FAE04EC0-301F-11D3-BF4B-00C04F79EFBC}") = "Catalog.API", "src\Modules\Catalog\Catalog.API\Catalog.API.csproj", "{ED3BF8FC-CA90-4A45-81C7-A913384BCF86}"
EndProject
Project("{FAE04EC0-301F-11D3-BF4B-00C04F79EFBC}") = "Catalog.Tests", "src\Modules\Catalog\Catalog.Tests\Catalog.Tests.csproj", "{C9041E9A-624E-4E6D-9597-B2C3943E739D}"
EndProject
Project("{2150E333-8FDC-42A3-9474-1A3956D46DE8}") = "BuildingBlocks", "BuildingBlocks", "{73EB1F20-31F4-4CDC-A861-8412E321A81A}"
EndProject
Project("{FAE04EC0-301F-11D3-BF4B-00C04F79EFBC}") = "BuildingBlocks.Domain", "src\BuildingBlocks\BuildingBlocks.Domain\BuildingBlocks.Domain.csproj", "{245D7A6E-85E3-41A1-9581-0897C58A9BE9}"
EndProject
Project("{FAE04EC0-301F-11D3-BF4B-00C04F79EFBC}") = "BuildingBlocks.Application", "src\BuildingBlocks\BuildingBlocks.Application\BuildingBlocks.Application.csproj", "{0DA53F5B-69E9-467B-BB13-BA3E2C718B4F}"
EndProject
Project("{FAE04EC0-301F-11D3-BF4B-00C04F79EFBC}") = "BuildingBlocks.Infrastructure", "src\BuildingBlocks\BuildingBlocks.Infrastructure\BuildingBlocks.Infrastructure.csproj", "{C1B69BF8-9E1E-4BA2-80ED-03B388C74111}"
EndProject
Project("{FAE04EC0-301F-11D3-BF4B-00C04F79EFBC}") = "BuildingBlocks.Web", "src\BuildingBlocks\BuildingBlocks.Web\BuildingBlocks.Web.csproj", "{34AD7B63-BB0A-431F-B206-FE8025482520}"
EndProject
Project("{2150E333-8FDC-42A3-9474-1A3956D46DE8}") = "Host", "Host", "{C421D490-F2CF-408C-9C7F-A5B43E3AE6C3}"
EndProject
Project("{FAE04EC0-301F-11D3-BF4B-00C04F79EFBC}") = "WebHost", "src\Host\WebHost\WebHost.csproj", "{DF30C867-AD78-4576-A49A-A12698ACD0F2}"
EndProject
Project("{FAE04EC0-301F-11D3-BF4B-00C04F79EFBC}") = "Worker", "src\Host\Worker\Worker.csproj", "{8EE12524-E45E-42A5-B4D8-7EB78388013C}"
EndProject
Project("{FAE04EC0-301F-11D3-BF4B-00C04F79EFBC}") = "ApiGateway", "src\Gateway\ApiGateway\ApiGateway.csproj", "{D1529234-61AA-4A14-A448-2CDD26A4DDB1}"
EndProject
Project("{2150E333-8FDC-42A3-9474-1A3956D46DE8}") = "Gateway", "Gateway", "{8BEFF706-CE74-4AC4-82F6-1E79C1A0C89E}"
EndProject
Global
	GlobalSection(SolutionConfigurationPlatforms) = preSolution
		Debug|Any CPU = Debug|Any CPU
		Release|Any CPU = Release|Any CPU
	EndGlobalSection
	GlobalSection(SolutionProperties) = preSolution
		HideSolutionNode = FALSE
	EndGlobalSection
	GlobalSection(ProjectConfigurationPlatforms) = postSolution
		{5E1BFB0E-C5E6-4218-8028-EDB2BF7AA2E4}.Debug|Any CPU.ActiveCfg = Debug|Any CPU
		{5E1BFB0E-C5E6-4218-8028-EDB2BF7AA2E4}.Debug|Any CPU.Build.0 = Debug|Any CPU
		{5E1BFB0E-C5E6-4218-8028-EDB2BF7AA2E4}.Release|Any CPU.ActiveCfg = Release|Any CPU
		{5E1BFB0E-C5E6-4218-8028-EDB2BF7AA2E4}.Release|Any CPU.Build.0 = Release|Any CPU
		{0984415F-2FFD-4C06-ACD6-3AD706BD5ACE}.Debug|Any CPU.ActiveCfg = Debug|Any CPU
		{0984415F-2FFD-4C06-ACD6-3AD706BD5ACE}.Debug|Any CPU.Build.0 = Debug|Any CPU
		{0984415F-2FFD-4C06-ACD6-3AD706BD5ACE}.Release|Any CPU.ActiveCfg = Release|Any CPU
		{0984415F-2FFD-4C06-ACD6-3AD706BD5ACE}.Release|Any CPU.Build.0 = Release|Any CPU
		{0D3ACE94-0C44-473A-9D1C-ACDB50E62380}.Debug|Any CPU.ActiveCfg = Debug|Any CPU
		{0D3ACE94-0C44-473A-9D1C-ACDB50E62380}.Debug|Any CPU.Build.0 = Debug|Any CPU
		{0D3ACE94-0C44-473A-9D1C-ACDB50E62380}.Release|Any CPU.ActiveCfg = Release|Any CPU
		{0D3ACE94-0C44-473A-9D1C-ACDB50E62380}.Release|Any CPU.Build.0 = Release|Any CPU
		{ED3BF8FC-CA90-4A45-81C7-A913384BCF86}.Debug|Any CPU.ActiveCfg = Debug|Any CPU
		{ED3BF8FC-CA90-4A45-81C7-A913384BCF86}.Debug|Any CPU.Build.0 = Debug|Any CPU
		{ED3BF8FC-CA90-4A45-81C7-A913384BCF86}.Release|Any CPU.ActiveCfg = Release|Any CPU
		{ED3BF8FC-CA90-4A45-81C7-A913384BCF86}.Release|Any CPU.Build.0 = Release|Any CPU
		{C9041E9A-624E-4E6D-9597-B2C3943E739D}.Debug|Any CPU.ActiveCfg = Debug|Any CPU
		{C9041E9A-624E-4E6D-9597-B2C3943E739D}.Debug|Any CPU.Build.0 = Debug|Any CPU
		{C9041E9A-624E-4E6D-9597-B2C3943E739D}.Release|Any CPU.ActiveCfg = Release|Any CPU
		{C9041E9A-624E-4E6D-9597-B2C3943E739D}.Release|Any CPU.Build.0 = Release|Any CPU
		{245D7A6E-85E3-41A1-9581-0897C58A9BE9}.Debug|Any CPU.ActiveCfg = Debug|Any CPU
		{245D7A6E-85E3-41A1-9581-0897C58A9BE9}.Debug|Any CPU.Build.0 = Debug|Any CPU
		{245D7A6E-85E3-41A1-9581-0897C58A9BE9}.Release|Any CPU.ActiveCfg = Release|Any CPU
		{245D7A6E-85E3-41A1-9581-0897C58A9BE9}.Release|Any CPU.Build.0 = Release|Any CPU
		{0DA53F5B-69E9-467B-BB13-BA3E2C718B4F}.Debug|Any CPU.ActiveCfg = Debug|Any CPU
		{0DA53F5B-69E9-467B-BB13-BA3E2C718B4F}.Debug|Any CPU.Build.0 = Debug|Any CPU
		{0DA53F5B-69E9-467B-BB13-BA3E2C718B4F}.Release|Any CPU.ActiveCfg = Release|Any CPU
		{0DA53F5B-69E9-467B-BB13-BA3E2C718B4F}.Release|Any CPU.Build.0 = Release|Any CPU
		{C1B69BF8-9E1E-4BA2-80ED-03B388C74111}.Debug|Any CPU.ActiveCfg = Debug|Any CPU
		{C1B69BF8-9E1E-4BA2-80ED-03B388C74111}.Debug|Any CPU.Build.0 = Debug|Any CPU
		{C1B69BF8-9E1E-4BA2-80ED-03B388C74111}.Release|Any CPU.ActiveCfg = Release|Any CPU
		{C1B69BF8-9E1E-4BA2-80ED-03B388C74111}.Release|Any CPU.Build.0 = Release|Any CPU
		{34AD7B63-BB0A-431F-B206-FE8025482520}.Debug|Any CPU.ActiveCfg = Debug|Any CPU
		{34AD7B63-BB0A-431F-B206-FE8025482520}.Debug|Any CPU.Build.0 = Debug|Any CPU
		{34AD7B63-BB0A-431F-B206-FE8025482520}.Release|Any CPU.ActiveCfg = Release|Any CPU
		{34AD7B63-BB0A-431F-B206-FE8025482520}.Release|Any CPU.Build.0 = Release|Any CPU
		{DF30C867-AD78-4576-A49A-A12698ACD0F2}.Debug|Any CPU.ActiveCfg = Debug|Any CPU
		{DF30C867-AD78-4576-A49A-A12698ACD0F2}.Debug|Any CPU.Build.0 = Debug|Any CPU
		{DF30C867-AD78-4576-A49A-A12698ACD0F2}.Release|Any CPU.ActiveCfg = Release|Any CPU
		{DF30C867-AD78-4576-A49A-A12698ACD0F2}.Release|Any CPU.Build.0 = Release|Any CPU
		{8EE12524-E45E-42A5-B4D8-7EB78388013C}.Debug|Any CPU.ActiveCfg = Debug|Any CPU
		{8EE12524-E45E-42A5-B4D8-7EB78388013C}.Debug|Any CPU.Build.0 = Debug|Any CPU
		{8EE12524-E45E-42A5-B4D8-7EB78388013C}.Release|Any CPU.ActiveCfg = Release|Any CPU
		{8EE12524-E45E-42A5-B4D8-7EB78388013C}.Release|Any CPU.Build.0 = Release|Any CPU
		{D1529234-61AA-4A14-A448-2CDD26A4DDB1}.Debug|Any CPU.ActiveCfg = Debug|Any CPU
		{D1529234-61AA-4A14-A448-2CDD26A4DDB1}.Debug|Any CPU.Build.0 = Debug|Any CPU
		{D1529234-61AA-4A14-A448-2CDD26A4DDB1}.Release|Any CPU.ActiveCfg = Release|Any CPU
		{D1529234-61AA-4A14-A448-2CDD26A4DDB1}.Release|Any CPU.Build.0 = Release|Any CPU
	EndGlobalSection
	GlobalSection(NestedProjects) = preSolution
		{DD538CF5-0C6C-4E79-ABEF-01382709B0A4} = {0F7CF33F-28FA-491D-9C3F-C6DC661B2AEB}
		{CB1D1C26-B584-43D3-9F11-483B4B94074F} = {DD538CF5-0C6C-4E79-ABEF-01382709B0A4}
		{5E1BFB0E-C5E6-4218-8028-EDB2BF7AA2E4} = {CB1D1C26-B584-43D3-9F11-483B4B94074F}
		{0984415F-2FFD-4C06-ACD6-3AD706BD5ACE} = {CB1D1C26-B584-43D3-9F11-483B4B94074F}
		{0D3ACE94-0C44-473A-9D1C-ACDB50E62380} = {CB1D1C26-B584-43D3-9F11-483B4B94074F}
		{ED3BF8FC-CA90-4A45-81C7-A913384BCF86} = {CB1D1C26-B584-43D3-9F11-483B4B94074F}
		{C9041E9A-624E-4E6D-9597-B2C3943E739D} = {CB1D1C26-B584-43D3-9F11-483B4B94074F}
		{73EB1F20-31F4-4CDC-A861-8412E321A81A} = {0F7CF33F-28FA-491D-9C3F-C6DC661B2AEB}
		{245D7A6E-85E3-41A1-9581-0897C58A9BE9} = {73EB1F20-31F4-4CDC-A861-8412E321A81A}
		{0DA53F5B-69E9-467B-BB13-BA3E2C718B4F} = {73EB1F20-31F4-4CDC-A861-8412E321A81A}
		{C1B69BF8-9E1E-4BA2-80ED-03B388C74111} = {73EB1F20-31F4-4CDC-A861-8412E321A81A}
		{34AD7B63-BB0A-431F-B206-FE8025482520} = {73EB1F20-31F4-4CDC-A861-8412E321A81A}
		{C421D490-F2CF-408C-9C7F-A5B43E3AE6C3} = {0F7CF33F-28FA-491D-9C3F-C6DC661B2AEB}
		{DF30C867-AD78-4576-A49A-A12698ACD0F2} = {C421D490-F2CF-408C-9C7F-A5B43E3AE6C3}
		{8EE12524-E45E-42A5-B4D8-7EB78388013C} = {C421D490-F2CF-408C-9C7F-A5B43E3AE6C3}
		{8BEFF706-CE74-4AC4-82F6-1E79C1A0C89E} = {0F7CF33F-28FA-491D-9C3F-C6DC661B2AEB}
		{D1529234-61AA-4A14-A448-2CDD26A4DDB1} = {8BEFF706-CE74-4AC4-82F6-1E79C1A0C89E}
	EndGlobalSection
EndGlobal
